
Microsoft Visual Studio Solution File, Format Version 12.00
# Visual Studio Version 17
VisualStudioVersion = 17.5.33502.453
MinimumVisualStudioVersion = 10.0.40219.1
Project("{FAE04EC0-301F-11D3-BF4B-00C04F79EFBC}") = "TicTatToe", "TicTatToe\TicTatToe.csproj", "{F0728F6C-CFB3-4ED0-9C1B-DCD61B4E5C68}"
EndProject
Global
	GlobalSection(SolutionConfigurationPlatforms) = preSolution
		Debug|Any CPU = Debug|Any CPU
		Release|Any CPU = Release|Any CPU
	EndGlobalSection
	GlobalSection(ProjectConfigurationPlatforms) = postSolution
		{F0728F6C-CFB3-4ED0-9C1B-DCD61B4E5C68}.Debug|Any CPU.ActiveCfg = Debug|Any CPU
		{F0728F6C-CFB3-4ED0-9C1B-DCD61B4E5C68}.Debug|Any CPU.Build.0 = Debug|Any CPU
		{F0728F6C-CFB3-4ED0-9C1B-DCD61B4E5C68}.Release|Any CPU.ActiveCfg = Release|Any CPU
		{F0728F6C-CFB3-4ED0-9C1B-DCD61B4E5C68}.Release|Any CPU.Build.0 = Release|Any CPU
	EndGlobalSection
	GlobalSection(SolutionProperties) = preSolution
		HideSolutionNode = FALSE
	EndGlobalSection
	GlobalSection(ExtensibilityGlobals) = postSolution
		SolutionGuid = {683AD70D-DBD9-4557-819A-5C4816F68A33}
	EndGlobalSection
EndGlobal
